<?xml version="1.0" encoding="UTF-8" standalone="yes" ?>
<CodeBlocks_project_file>
	<FileVersion major="1" minor="6" />
	<Project>
		<Option title="Space_Crusader" />
		<Option pch_mode="2" />
		<Option compiler="gcc" />
		<Build>
			<Target title="Debug">
				<Option output="bin/Debug/Space_Crusader" prefix_auto="1" extension_auto="1" />
				<Option object_output="obj/Debug/" />
				<Option type="1" />
				<Option compiler="gcc" />
				<Compiler>
					<Add option="-g" />
				</Compiler>
			</Target>
			<Target title="Release">
				<Option output="bin/Release/Space_Crusader" prefix_auto="1" extension_auto="1" />
				<Option object_output="obj/Release/" />
				<Option type="1" />
				<Option compiler="gcc" />
				<Compiler>
					<Add option="-O2" />
				</Compiler>
				<Linker>
					<Add option="-s" />
				</Linker>
			</Target>
		</Build>
		<Compiler>
			<Add option="-Wall" />
			<Add directory="C:/Users/user/Desktop/gry_komputerowe/Space_Crusader/" />
		</Compiler>
		<Linker>
			<Add library="..\..\..\..\..\Program Files (x86)\CodeBlocks\MinGW\lib\liballegro-5.0.10-monolith-mt-debug.a" />
		</Linker>
		<Unit filename="al_init_all.h" />
		<Unit filename="draw.h" />
		<Unit filename="enemy.h" />
		<Unit filename="engine.h" />
		<Unit filename="file.h" />
		<Unit filename="levels.h" />
		<Unit filename="main.cpp" />
		<Unit filename="modules/al_init_all.cpp" />
		<Unit filename="modules/draw.cpp" />
		<Unit filename="modules/enemy.cpp" />
		<Unit filename="modules/engine.cpp" />
		<Unit filename="modules/file.cpp" />
		<Unit filename="modules/levels.cpp" />
		<Unit filename="modules/musique.cpp" />
		<Unit filename="musique.h" />
		<Extensions>
			<code_completion />
			<envvars />
			<debugger />
			<lib_finder disable_auto="1" />
		</Extensions>
	</Project>
</CodeBlocks_project_file>
